{
  "name": "@dw/dw-dialog",
  "version": "1.0.0-SNAPSHOT",
  "lockfileVersion": 1,
  "requires": true,
  "dependencies": {
    "@material/animation": {
      "version": "3.1.0",
      "resolved": "https://registry.npmjs.org/@material/animation/-/animation-3.1.0.tgz",
      "integrity": "sha512-ZfP95awrPBLhpaCTPNx+xKYPp2D88fzf5p5YNVp6diUAGRpq3g12Aq7qJfIHDXAFo5CtrYhgOKRqIKxUVcFisQ==",
      "requires": {
        "tslib": "^1.9.3"
      }
    },
    "@material/base": {
      "version": "3.1.0",
      "resolved": "https://registry.npmjs.org/@material/base/-/base-3.1.0.tgz",
      "integrity": "sha512-pWEBHyPrMV3rdnjqWWH96h5t3MxQI6V1J9jOor+UBG7bXQtr6InTabTqhz5CLY7r+qZU8YvNh2OKIy8heP0cyQ==",
      "requires": {
        "tslib": "^1.9.3"
      }
    },
    "@material/button": {
      "version": "1.1.1",
      "resolved": "https://registry.npmjs.org/@material/button/-/button-1.1.1.tgz",
      "integrity": "sha512-03aEyzZBIeqpgZkqLjro/enz8ORUnfQslBUdAgkPqdjh1X0oIEugr3UaFyC5QlSBTU3j3GIsnKIxWaggkRenpQ==",
      "dev": true,
      "requires": {
        "@material/elevation": "^1.1.0",
        "@material/feature-targeting": "^0.44.1",
        "@material/ripple": "^1.1.0",
        "@material/rtl": "^0.42.0",
        "@material/shape": "^1.1.1",
        "@material/theme": "^1.1.0",
        "@material/typography": "^1.0.0"
      },
      "dependencies": {
        "@material/animation": {
          "version": "1.0.0",
          "resolved": "https://registry.npmjs.org/@material/animation/-/animation-1.0.0.tgz",
          "integrity": "sha512-Ed5/vggn6ZhSJ87yn3ZS1d826VJNFz73jHF2bSsgRtHDoB8KCuOwQMfdgAgDa4lKDF6CDIPCKBZPKrs2ubehdw==",
          "dev": true,
          "requires": {
            "tslib": "^1.9.3"
          }
        },
        "@material/base": {
          "version": "1.0.0",
          "resolved": "https://registry.npmjs.org/@material/base/-/base-1.0.0.tgz",
          "integrity": "sha512-5dxFp46x5FA+Epg6YHLzN+5zRt9S2wR84UdvVAEJ1egea94m9UHUg7y9tAnNSN16aexRSywmzyLwPr+i8PGEYA==",
          "dev": true,
          "requires": {
            "tslib": "^1.9.3"
          }
        },
        "@material/dom": {
          "version": "1.1.0",
          "resolved": "https://registry.npmjs.org/@material/dom/-/dom-1.1.0.tgz",
          "integrity": "sha512-+HWW38ZaM2UBPu4+7QCusLDSf4tFT31rsEXHkTkxYSg/QpDivfPx6YDz4OmYtafmhPR1d1YjqB3MYysUHdodyw==",
          "dev": true,
          "requires": {
            "tslib": "^1.9.3"
          }
        },
        "@material/elevation": {
          "version": "1.1.0",
          "resolved": "https://registry.npmjs.org/@material/elevation/-/elevation-1.1.0.tgz",
          "integrity": "sha512-m4eATJvDhWK1BT+yA1iHz5mhAk8cV9olC4mjVzm4PTAqhDH2yya4WzjN1HPVHE/a65ObyZ7V4qopxu9MRocm3A==",
          "dev": true,
          "requires": {
            "@material/animation": "^1.0.0",
            "@material/feature-targeting": "^0.44.1",
            "@material/theme": "^1.1.0"
          }
        },
        "@material/feature-targeting": {
          "version": "0.44.1",
          "resolved": "https://registry.npmjs.org/@material/feature-targeting/-/feature-targeting-0.44.1.tgz",
          "integrity": "sha512-90cc7njn4aHbH9UxY8qgZth1W5JgOgcEdWdubH1t7sFkwqFxS5g3zgxSBt46TygFBVIXNZNq35Xmg80wgqO7Pg==",
          "dev": true
        },
        "@material/ripple": {
          "version": "1.1.0",
          "resolved": "https://registry.npmjs.org/@material/ripple/-/ripple-1.1.0.tgz",
          "integrity": "sha512-mkfDBZAmxjpRG7V9TrfOmLxt1g/wvGHCXtYPgvH7W8ozjf53edqxLOFENEdvHbie27y9nyixzXn0gzU0HnxSeA==",
          "dev": true,
          "requires": {
            "@material/animation": "^1.0.0",
            "@material/base": "^1.0.0",
            "@material/dom": "^1.1.0",
            "@material/feature-targeting": "^0.44.1",
            "@material/theme": "^1.1.0",
            "tslib": "^1.9.3"
          }
        },
        "@material/rtl": {
          "version": "0.42.0",
          "resolved": "https://registry.npmjs.org/@material/rtl/-/rtl-0.42.0.tgz",
          "integrity": "sha512-VrnrKJzhmspsN8WXHuxxBZ69yM5IwhCUqWr1t1eNfw3ZEvEj7i1g3P31HGowKThIN1dc1Wh4LE14rCISWCtv5w==",
          "dev": true
        },
        "@material/shape": {
          "version": "1.1.1",
          "resolved": "https://registry.npmjs.org/@material/shape/-/shape-1.1.1.tgz",
          "integrity": "sha512-Jge/h1XBLjdLlam4QMSzVgM99e/N8+elQROPkltqVP7eyLc17BwM3aP5cLVfZDgrJgvsjUxbgAP1H1j8sqmUyg==",
          "dev": true,
          "requires": {
            "@material/feature-targeting": "^0.44.1"
          }
        },
        "@material/theme": {
          "version": "1.1.0",
          "resolved": "https://registry.npmjs.org/@material/theme/-/theme-1.1.0.tgz",
          "integrity": "sha512-YYUV9Rhbx4r/EMb/zoOYJUWjhXChNaLlH1rqt3vpNVyxRcxGqoVMGp5u1XALBCFiD9dACPKLIkKyRYa928nmPQ==",
          "dev": true,
          "requires": {
            "@material/feature-targeting": "^0.44.1"
          }
        },
        "@material/typography": {
          "version": "1.0.0",
          "resolved": "https://registry.npmjs.org/@material/typography/-/typography-1.0.0.tgz",
          "integrity": "sha512-Oeqbjci1cC7jTE8/n3dwnkqKe9ZeWiaE+rgMtRYtRFw1HvAw14SpGA5EEAS/Li2Hu2KZ50FYCe3HYqShfxtChA==",
          "dev": true,
          "requires": {
            "@material/feature-targeting": "^0.44.1"
          }
        }
      }
    },
    "@material/checkbox": {
      "version": "1.1.0",
      "resolved": "https://registry.npmjs.org/@material/checkbox/-/checkbox-1.1.0.tgz",
      "integrity": "sha512-jCrkG8VkN63uH+YRhu7RWIsrYGw2Gu89OEPe+sqGYWsr+BbOuzBBqxrM09rUkXykCyi8gAbxpWZPVGCmcDHtJQ==",
      "dev": true,
      "requires": {
        "@material/animation": "^1.0.0",
        "@material/base": "^1.0.0",
        "@material/dom": "^1.1.0",
        "@material/feature-targeting": "^0.44.1",
        "@material/ripple": "^1.1.0",
        "@material/rtl": "^0.42.0",
        "@material/theme": "^1.1.0",
        "tslib": "^1.9.3"
      },
      "dependencies": {
        "@material/animation": {
          "version": "1.0.0",
          "resolved": "https://registry.npmjs.org/@material/animation/-/animation-1.0.0.tgz",
          "integrity": "sha512-Ed5/vggn6ZhSJ87yn3ZS1d826VJNFz73jHF2bSsgRtHDoB8KCuOwQMfdgAgDa4lKDF6CDIPCKBZPKrs2ubehdw==",
          "dev": true,
          "requires": {
            "tslib": "^1.9.3"
          }
        },
        "@material/base": {
          "version": "1.0.0",
          "resolved": "https://registry.npmjs.org/@material/base/-/base-1.0.0.tgz",
          "integrity": "sha512-5dxFp46x5FA+Epg6YHLzN+5zRt9S2wR84UdvVAEJ1egea94m9UHUg7y9tAnNSN16aexRSywmzyLwPr+i8PGEYA==",
          "dev": true,
          "requires": {
            "tslib": "^1.9.3"
          }
        },
        "@material/dom": {
          "version": "1.1.0",
          "resolved": "https://registry.npmjs.org/@material/dom/-/dom-1.1.0.tgz",
          "integrity": "sha512-+HWW38ZaM2UBPu4+7QCusLDSf4tFT31rsEXHkTkxYSg/QpDivfPx6YDz4OmYtafmhPR1d1YjqB3MYysUHdodyw==",
          "dev": true,
          "requires": {
            "tslib": "^1.9.3"
          }
        },
        "@material/feature-targeting": {
          "version": "0.44.1",
          "resolved": "https://registry.npmjs.org/@material/feature-targeting/-/feature-targeting-0.44.1.tgz",
          "integrity": "sha512-90cc7njn4aHbH9UxY8qgZth1W5JgOgcEdWdubH1t7sFkwqFxS5g3zgxSBt46TygFBVIXNZNq35Xmg80wgqO7Pg==",
          "dev": true
        },
        "@material/ripple": {
          "version": "1.1.0",
          "resolved": "https://registry.npmjs.org/@material/ripple/-/ripple-1.1.0.tgz",
          "integrity": "sha512-mkfDBZAmxjpRG7V9TrfOmLxt1g/wvGHCXtYPgvH7W8ozjf53edqxLOFENEdvHbie27y9nyixzXn0gzU0HnxSeA==",
          "dev": true,
          "requires": {
            "@material/animation": "^1.0.0",
            "@material/base": "^1.0.0",
            "@material/dom": "^1.1.0",
            "@material/feature-targeting": "^0.44.1",
            "@material/theme": "^1.1.0",
            "tslib": "^1.9.3"
          }
        },
        "@material/rtl": {
          "version": "0.42.0",
          "resolved": "https://registry.npmjs.org/@material/rtl/-/rtl-0.42.0.tgz",
          "integrity": "sha512-VrnrKJzhmspsN8WXHuxxBZ69yM5IwhCUqWr1t1eNfw3ZEvEj7i1g3P31HGowKThIN1dc1Wh4LE14rCISWCtv5w==",
          "dev": true
        },
        "@material/theme": {
          "version": "1.1.0",
          "resolved": "https://registry.npmjs.org/@material/theme/-/theme-1.1.0.tgz",
          "integrity": "sha512-YYUV9Rhbx4r/EMb/zoOYJUWjhXChNaLlH1rqt3vpNVyxRcxGqoVMGp5u1XALBCFiD9dACPKLIkKyRYa928nmPQ==",
          "dev": true,
          "requires": {
            "@material/feature-targeting": "^0.44.1"
          }
        }
      }
    },
    "@material/dialog": {
      "version": "3.1.0",
      "resolved": "https://registry.npmjs.org/@material/dialog/-/dialog-3.1.0.tgz",
      "integrity": "sha512-mxir1rx7By1s6Xohs6rPKge8Dw8xCMldpm4m0+PHKJVLxCHydmG3jGWtXE7GtYFWg6T8SfKtAKEylc9y3Y5tVg==",
      "requires": {
        "@material/animation": "^3.1.0",
        "@material/base": "^3.1.0",
        "@material/dom": "^3.1.0",
        "@material/elevation": "^3.1.0",
        "@material/feature-targeting": "^3.1.0",
        "@material/ripple": "^3.1.0",
        "@material/rtl": "^3.1.0",
        "@material/shape": "^3.1.0",
        "@material/theme": "^3.1.0",
        "@material/typography": "^3.1.0",
        "focus-trap": "^5.0.0",
        "tslib": "^1.9.3"
      }
    },
    "@material/dom": {
      "version": "3.1.0",
      "resolved": "https://registry.npmjs.org/@material/dom/-/dom-3.1.0.tgz",
      "integrity": "sha512-RtBLSkrBjMfHwknaGBifAIC8cBWF9pXjz2IYqfI2braB6SfQI4vhdJviwyiA5BmA/psn3cKpBUZbHI0ym0O0SQ==",
      "requires": {
        "tslib": "^1.9.3"
      }
    },
    "@material/elevation": {
      "version": "3.1.0",
      "resolved": "https://registry.npmjs.org/@material/elevation/-/elevation-3.1.0.tgz",
      "integrity": "sha512-e45LqiG6LfbR1M52YkSLA7pQPeYJOuOVzLp27xy2072TnLuJexMxhEaG4O1novEIjsTtMjqfrfJ/koODU5vEew==",
      "requires": {
        "@material/animation": "^3.1.0",
        "@material/feature-targeting": "^3.1.0",
        "@material/theme": "^3.1.0"
      }
    },
    "@material/feature-targeting": {
      "version": "3.1.0",
      "resolved": "https://registry.npmjs.org/@material/feature-targeting/-/feature-targeting-3.1.0.tgz",
      "integrity": "sha512-aXAa1Pv6w32URacE9LfMsl9zI6hFwx1K0Lp3Xpyf4rAkmaAB6z0gOkhicOrVFc0f64YheJgHjE7hJFieVenQdw=="
    },
    "@material/mwc-base": {
      "version": "0.6.0",
      "resolved": "https://registry.npmjs.org/@material/mwc-base/-/mwc-base-0.6.0.tgz",
      "integrity": "sha512-AiMEoU3dkLhuEnK5HJ0yMrdcyq5rUq9LdooxOSLMzPRr/ALT8YS14/oklufYiPagehzJcL0MeiyL40OlSpkyBA==",
      "dev": true,
      "requires": {
        "@material/base": "^1.0.0",
        "lit-element": "^2.0.1",
        "lit-html": "^1.0.0"
      },
      "dependencies": {
        "@material/base": {
          "version": "1.0.0",
          "resolved": "https://registry.npmjs.org/@material/base/-/base-1.0.0.tgz",
          "integrity": "sha512-5dxFp46x5FA+Epg6YHLzN+5zRt9S2wR84UdvVAEJ1egea94m9UHUg7y9tAnNSN16aexRSywmzyLwPr+i8PGEYA==",
          "dev": true,
          "requires": {
            "tslib": "^1.9.3"
          }
        }
      }
    },
    "@material/mwc-button": {
      "version": "0.6.0",
      "resolved": "https://registry.npmjs.org/@material/mwc-button/-/mwc-button-0.6.0.tgz",
      "integrity": "sha512-oZTXXtg5z7tqvbFN5gMWsya/OU1ThEQ8ZZ/KN4PzDHGoYcjGLWWYTyDtarfP2VfJn+pRL0Ql5+l3i8j1i4Vr8Q==",
      "dev": true,
      "requires": {
        "@material/button": "^1.0.0",
        "@material/mwc-base": "^0.6.0",
        "@material/mwc-icon": "^0.6.0",
        "@material/mwc-ripple": "^0.6.0"
      }
    },
    "@material/mwc-checkbox": {
      "version": "0.6.0",
      "resolved": "https://registry.npmjs.org/@material/mwc-checkbox/-/mwc-checkbox-0.6.0.tgz",
      "integrity": "sha512-EbRuxpH0Y76X1Hp+96/JpfZgXn0Bxhqe4ZuTlzp0m3Kgc/rB9U6mqCT/8xZuOsmvtc/+bM+4fV2Jr3B/b/Rpqg==",
      "dev": true,
      "requires": {
        "@material/checkbox": "^1.0.0",
        "@material/mwc-base": "^0.6.0",
        "@material/mwc-ripple": "^0.6.0"
      }
    },
    "@material/mwc-icon": {
      "version": "0.6.0",
      "resolved": "https://registry.npmjs.org/@material/mwc-icon/-/mwc-icon-0.6.0.tgz",
      "integrity": "sha512-Pm4nalbSfsgMz0K8dRaE2tBsyiCozrlgh9iEtBvRdYV6IzPJacXjqsf8+2faW3lfmh4PRLQzVJ7Fldm+ljxzBA==",
      "dev": true,
      "requires": {
        "@material/mwc-base": "^0.6.0"
      }
    },
    "@material/mwc-ripple": {
      "version": "0.6.0",
      "resolved": "https://registry.npmjs.org/@material/mwc-ripple/-/mwc-ripple-0.6.0.tgz",
      "integrity": "sha512-K0b3VtKTlUd2RLaSJd6y9lBX47A84QjsK4eMn3PhDlWG7CkfhRf5XBZrOf/wzrqNf2/0w5of+8rFkohTraLHiw==",
      "dev": true,
      "requires": {
        "@material/mwc-base": "^0.6.0",
        "@material/ripple": "^1.0.0",
        "lit-html": "^1.0.0"
      },
      "dependencies": {
        "@material/animation": {
          "version": "1.0.0",
          "resolved": "https://registry.npmjs.org/@material/animation/-/animation-1.0.0.tgz",
          "integrity": "sha512-Ed5/vggn6ZhSJ87yn3ZS1d826VJNFz73jHF2bSsgRtHDoB8KCuOwQMfdgAgDa4lKDF6CDIPCKBZPKrs2ubehdw==",
          "dev": true,
          "requires": {
            "tslib": "^1.9.3"
          }
        },
        "@material/base": {
          "version": "1.0.0",
          "resolved": "https://registry.npmjs.org/@material/base/-/base-1.0.0.tgz",
          "integrity": "sha512-5dxFp46x5FA+Epg6YHLzN+5zRt9S2wR84UdvVAEJ1egea94m9UHUg7y9tAnNSN16aexRSywmzyLwPr+i8PGEYA==",
          "dev": true,
          "requires": {
            "tslib": "^1.9.3"
          }
        },
        "@material/dom": {
          "version": "1.1.0",
          "resolved": "https://registry.npmjs.org/@material/dom/-/dom-1.1.0.tgz",
          "integrity": "sha512-+HWW38ZaM2UBPu4+7QCusLDSf4tFT31rsEXHkTkxYSg/QpDivfPx6YDz4OmYtafmhPR1d1YjqB3MYysUHdodyw==",
          "dev": true,
          "requires": {
            "tslib": "^1.9.3"
          }
        },
        "@material/feature-targeting": {
          "version": "0.44.1",
          "resolved": "https://registry.npmjs.org/@material/feature-targeting/-/feature-targeting-0.44.1.tgz",
          "integrity": "sha512-90cc7njn4aHbH9UxY8qgZth1W5JgOgcEdWdubH1t7sFkwqFxS5g3zgxSBt46TygFBVIXNZNq35Xmg80wgqO7Pg==",
          "dev": true
        },
        "@material/ripple": {
          "version": "1.1.0",
          "resolved": "https://registry.npmjs.org/@material/ripple/-/ripple-1.1.0.tgz",
          "integrity": "sha512-mkfDBZAmxjpRG7V9TrfOmLxt1g/wvGHCXtYPgvH7W8ozjf53edqxLOFENEdvHbie27y9nyixzXn0gzU0HnxSeA==",
          "dev": true,
          "requires": {
            "@material/animation": "^1.0.0",
            "@material/base": "^1.0.0",
            "@material/dom": "^1.1.0",
            "@material/feature-targeting": "^0.44.1",
            "@material/theme": "^1.1.0",
            "tslib": "^1.9.3"
          }
        },
        "@material/theme": {
          "version": "1.1.0",
          "resolved": "https://registry.npmjs.org/@material/theme/-/theme-1.1.0.tgz",
          "integrity": "sha512-YYUV9Rhbx4r/EMb/zoOYJUWjhXChNaLlH1rqt3vpNVyxRcxGqoVMGp5u1XALBCFiD9dACPKLIkKyRYa928nmPQ==",
          "dev": true,
          "requires": {
            "@material/feature-targeting": "^0.44.1"
          }
        }
      }
    },
    "@material/ripple": {
      "version": "3.1.0",
      "resolved": "https://registry.npmjs.org/@material/ripple/-/ripple-3.1.0.tgz",
      "integrity": "sha512-mYvd2iWbQyVd6aLS9alHShoL05p/D0cvh5h1ga3atz55azooMLhGsbbE1YlEqUDKHKNuNvdVFm+0IfWdvvRgsw==",
      "requires": {
        "@material/animation": "^3.1.0",
        "@material/base": "^3.1.0",
        "@material/dom": "^3.1.0",
        "@material/feature-targeting": "^3.1.0",
        "@material/theme": "^3.1.0",
        "tslib": "^1.9.3"
      }
    },
    "@material/rtl": {
      "version": "3.1.0",
      "resolved": "https://registry.npmjs.org/@material/rtl/-/rtl-3.1.0.tgz",
      "integrity": "sha512-HH19edQNb139zC+1SZ6/C9G92E54fUrnnW9AAF7t5eGjGdF26YJXJ/uhz+TnFhNUMi/QGrKUSycd4o73nU1m4A=="
    },
    "@material/shape": {
      "version": "3.1.0",
      "resolved": "https://registry.npmjs.org/@material/shape/-/shape-3.1.0.tgz",
      "integrity": "sha512-Oyvs7YjHfByA0e9IVVp7ojAlPwgSu3Bl0cioiE0OdkidkAaNu0izM2ryRzMBDH5o8+lRD0kpZoT+9CVVCdaYIg==",
      "requires": {
        "@material/feature-targeting": "^3.1.0"
      }
    },
    "@material/theme": {
      "version": "3.1.0",
      "resolved": "https://registry.npmjs.org/@material/theme/-/theme-3.1.0.tgz",
      "integrity": "sha512-N4JX+akOwg1faAvFvIEhDcwW4cZfUpwEn8lct6Vs3WczjLF6/KdIoLVaYh+eVl1bzfsoIuWvx56j0B1PjXZw9g==",
      "requires": {
        "@material/feature-targeting": "^3.1.0"
      }
    },
    "@material/typography": {
      "version": "3.1.0",
      "resolved": "https://registry.npmjs.org/@material/typography/-/typography-3.1.0.tgz",
      "integrity": "sha512-aSNBQvVxIH1kORSYdLGuSTivx6oJ1MSOSTUAsUwhXPQLQlvbdFeZaqUp7xgn+EvRsHGRFhWk5YGuiBds9+7zQg==",
      "requires": {
        "@material/feature-targeting": "^3.1.0"
      }
    },
    "focus-trap": {
      "version": "5.0.2",
      "resolved": "https://registry.npmjs.org/focus-trap/-/focus-trap-5.0.2.tgz",
      "integrity": "sha512-jQf4ZkX9qOhiNrga4pRh9N2vMqYLRuGM7RZ6VRDLgti04cbG8m7XD4xlU/N0M0cqwDYtXbdzSBQDbRIwqn0FIg==",
      "requires": {
        "tabbable": "^4.0.0",
        "xtend": "^4.0.1"
      }
    },
    "lit-element": {
      "version": "2.2.1",
      "resolved": "https://registry.npmjs.org/lit-element/-/lit-element-2.2.1.tgz",
      "integrity": "sha512-ipDcgQ1EpW6Va2Z6dWm79jYdimVepO5GL0eYkZrFvdr0OD/1N260Q9DH+K5HXHFrRoC7dOg+ZpED2XE0TgGdXw==",
      "requires": {
        "lit-html": "^1.0.0"
      }
    },
    "lit-html": {
      "version": "1.1.2",
      "resolved": "https://registry.npmjs.org/lit-html/-/lit-html-1.1.2.tgz",
      "integrity": "sha512-FFlUMKHKi+qG1x1iHNZ1hrtc/zHmfYTyrSvs3/wBTvaNtpZjOZGWzU7efGYVpgp6KvWeKF6ql9/KsCq6Z/mEDA=="
    },
    "tabbable": {
      "version": "4.0.0",
      "resolved": "https://registry.npmjs.org/tabbable/-/tabbable-4.0.0.tgz",
      "integrity": "sha512-H1XoH1URcBOa/rZZWxLxHCtOdVUEev+9vo5YdYhC9tCY4wnybX+VQrCYuy9ubkg69fCBxCONJOSLGfw0DWMffQ=="
    },
    "tslib": {
      "version": "1.10.0",
      "resolved": "https://registry.npmjs.org/tslib/-/tslib-1.10.0.tgz",
      "integrity": "sha512-qOebF53frne81cf0S9B41ByenJ3/IuH8yJKngAX35CmiZySA0khhkovshKK+jGCaMnVomla7gVlIcc3EvKPbTQ=="
    },
    "xtend": {
      "version": "4.0.2",
      "resolved": "https://registry.npmjs.org/xtend/-/xtend-4.0.2.tgz",
      "integrity": "sha512-LKYU1iAXJXUgAXn9URjiu+MWhyUXHsvfp7mcuYm9dSUKK0/CjtrUwFAxD82/mCWbtLsGjFIad0wIsod4zrTAEQ=="
    }
  }
}
